
Microsoft Visual Studio Solution File, Format Version 12.00
# Visual Studio Version 17
VisualStudioVersion = 17.5.002.0
MinimumVisualStudioVersion = 10.0.40219.1
Project("{2150E333-8FDC-42A3-9474-1A3956D46DE8}") = "src", "src", "{BD380C3A-110C-4774-952F-0AAA081E3E3A}"
EndProject
Project("{9A19103F-16F7-4668-BE54-9A1E7A4F7556}") = "Project", "src\net8-minapi-ado-jit-v8.0.5\Project.csproj", "{224536C4-B92A-4C4A-93E1-047FE79358A6}"
EndProject
Project("{9A19103F-16F7-4668-BE54-9A1E7A4F7556}") = "Project (1)", "src\net8-minapi-dapper-jit-v2.1.35\Project.csproj", "{05D51E54-93E2-4FB8-AC8F-AEB3D4459AEF}"
EndProject
Project("{9A19103F-16F7-4668-BE54-9A1E7A4F7556}") = "Project (2)", "src\net8-minapi-ef-jit-v8.0.10\Project.csproj", "{FB44C256-BD68-4E8A-90F0-BC7AF8B9A977}"
EndProject
Project("{9A19103F-16F7-4668-BE54-9A1E7A4F7556}") = "Project (3)", "src\net8-minapi-norm-jit-v5.4.0\Project.csproj", "{ECAE2ED8-C11B-424A-80A2-B62561AD1E29}"
EndProject
Project("{9A19103F-16F7-4668-BE54-9A1E7A4F7556}") = "Project (4)", "src\net8-npgsqlrest-jit-v2.12.1\Project.csproj", "{D9981365-C8CE-4873-B7C2-34E30B0545FE}"
EndProject
Global
	GlobalSection(SolutionConfigurationPlatforms) = preSolution
		Debug|Any CPU = Debug|Any CPU
		Release|Any CPU = Release|Any CPU
	EndGlobalSection
	GlobalSection(ProjectConfigurationPlatforms) = postSolution
		{224536C4-B92A-4C4A-93E1-047FE79358A6}.Debug|Any CPU.ActiveCfg = Debug|Any CPU
		{224536C4-B92A-4C4A-93E1-047FE79358A6}.Debug|Any CPU.Build.0 = Debug|Any CPU
		{224536C4-B92A-4C4A-93E1-047FE79358A6}.Release|Any CPU.ActiveCfg = Release|Any CPU
		{224536C4-B92A-4C4A-93E1-047FE79358A6}.Release|Any CPU.Build.0 = Release|Any CPU
		{05D51E54-93E2-4FB8-AC8F-AEB3D4459AEF}.Debug|Any CPU.ActiveCfg = Debug|Any CPU
		{05D51E54-93E2-4FB8-AC8F-AEB3D4459AEF}.Debug|Any CPU.Build.0 = Debug|Any CPU
		{05D51E54-93E2-4FB8-AC8F-AEB3D4459AEF}.Release|Any CPU.ActiveCfg = Release|Any CPU
		{05D51E54-93E2-4FB8-AC8F-AEB3D4459AEF}.Release|Any CPU.Build.0 = Release|Any CPU
		{FB44C256-BD68-4E8A-90F0-BC7AF8B9A977}.Debug|Any CPU.ActiveCfg = Debug|Any CPU
		{FB44C256-BD68-4E8A-90F0-BC7AF8B9A977}.Debug|Any CPU.Build.0 = Debug|Any CPU
		{FB44C256-BD68-4E8A-90F0-BC7AF8B9A977}.Release|Any CPU.ActiveCfg = Release|Any CPU
		{FB44C256-BD68-4E8A-90F0-BC7AF8B9A977}.Release|Any CPU.Build.0 = Release|Any CPU
		{ECAE2ED8-C11B-424A-80A2-B62561AD1E29}.Debug|Any CPU.ActiveCfg = Debug|Any CPU
		{ECAE2ED8-C11B-424A-80A2-B62561AD1E29}.Debug|Any CPU.Build.0 = Debug|Any CPU
		{ECAE2ED8-C11B-424A-80A2-B62561AD1E29}.Release|Any CPU.ActiveCfg = Release|Any CPU
		{ECAE2ED8-C11B-424A-80A2-B62561AD1E29}.Release|Any CPU.Build.0 = Release|Any CPU
		{D9981365-C8CE-4873-B7C2-34E30B0545FE}.Debug|Any CPU.ActiveCfg = Debug|Any CPU
		{D9981365-C8CE-4873-B7C2-34E30B0545FE}.Debug|Any CPU.Build.0 = Debug|Any CPU
		{D9981365-C8CE-4873-B7C2-34E30B0545FE}.Release|Any CPU.ActiveCfg = Release|Any CPU
		{D9981365-C8CE-4873-B7C2-34E30B0545FE}.Release|Any CPU.Build.0 = Release|Any CPU
	EndGlobalSection
	GlobalSection(SolutionProperties) = preSolution
		HideSolutionNode = FALSE
	EndGlobalSection
	GlobalSection(NestedProjects) = preSolution
		{224536C4-B92A-4C4A-93E1-047FE79358A6} = {BD380C3A-110C-4774-952F-0AAA081E3E3A}
		{05D51E54-93E2-4FB8-AC8F-AEB3D4459AEF} = {BD380C3A-110C-4774-952F-0AAA081E3E3A}
		{FB44C256-BD68-4E8A-90F0-BC7AF8B9A977} = {BD380C3A-110C-4774-952F-0AAA081E3E3A}
		{ECAE2ED8-C11B-424A-80A2-B62561AD1E29} = {BD380C3A-110C-4774-952F-0AAA081E3E3A}
		{D9981365-C8CE-4873-B7C2-34E30B0545FE} = {BD380C3A-110C-4774-952F-0AAA081E3E3A}
	EndGlobalSection
	GlobalSection(ExtensibilityGlobals) = postSolution
		SolutionGuid = {139AA1AA-BA50-4236-906A-52ACFAD69AFC}
	EndGlobalSection
EndGlobal
